
Microsoft Visual Studio Solution File, Format Version 12.00
# Visual Studio Version 17
VisualStudioVersion = 17.9.34723.18
MinimumVisualStudioVersion = 10.0.40219.1
Project("{9A19103F-16F7-4668-BE54-9A1E7A4F7556}") = "Cinemango.Data", "Cinemango.Data\Cinemango.Data.csproj", "{4A0A1F88-F05D-4F78-BFDF-830804C2986B}"
EndProject
Project("{2150E333-8FDC-42A3-9474-1A3956D46DE8}") = "Solution Items", "Solution Items", "{8CAF51A4-7ADF-4E7C-A6ED-230E65138729}"
	ProjectSection(SolutionItems) = preProject
		.editorconfig = .editorconfig
	EndProjectSection
EndProject
Project("{9A19103F-16F7-4668-BE54-9A1E7A4F7556}") = "Cinemando.Bll", "Cinemango.Bll\Cinemando.Bll.csproj", "{04FD3E1A-E907-4D4D-B820-4AC5A99C9150}"
EndProject
Project("{9A19103F-16F7-4668-BE54-9A1E7A4F7556}") = "Cinemango.Web", "Cinemango.Web\Cinemango.Web.csproj", "{0BBF74CA-2CCC-47CA-8C99-8834791D747A}"
EndProject
Global
	GlobalSection(SolutionConfigurationPlatforms) = preSolution
		Debug|Any CPU = Debug|Any CPU
		Release|Any CPU = Release|Any CPU
	EndGlobalSection
	GlobalSection(ProjectConfigurationPlatforms) = postSolution
		{4A0A1F88-F05D-4F78-BFDF-830804C2986B}.Debug|Any CPU.ActiveCfg = Debug|Any CPU
		{4A0A1F88-F05D-4F78-BFDF-830804C2986B}.Debug|Any CPU.Build.0 = Debug|Any CPU
		{4A0A1F88-F05D-4F78-BFDF-830804C2986B}.Release|Any CPU.ActiveCfg = Release|Any CPU
		{4A0A1F88-F05D-4F78-BFDF-830804C2986B}.Release|Any CPU.Build.0 = Release|Any CPU
		{04FD3E1A-E907-4D4D-B820-4AC5A99C9150}.Debug|Any CPU.ActiveCfg = Debug|Any CPU
		{04FD3E1A-E907-4D4D-B820-4AC5A99C9150}.Debug|Any CPU.Build.0 = Debug|Any CPU
		{04FD3E1A-E907-4D4D-B820-4AC5A99C9150}.Release|Any CPU.ActiveCfg = Release|Any CPU
		{04FD3E1A-E907-4D4D-B820-4AC5A99C9150}.Release|Any CPU.Build.0 = Release|Any CPU
		{0BBF74CA-2CCC-47CA-8C99-8834791D747A}.Debug|Any CPU.ActiveCfg = Debug|Any CPU
		{0BBF74CA-2CCC-47CA-8C99-8834791D747A}.Debug|Any CPU.Build.0 = Debug|Any CPU
		{0BBF74CA-2CCC-47CA-8C99-8834791D747A}.Release|Any CPU.ActiveCfg = Release|Any CPU
		{0BBF74CA-2CCC-47CA-8C99-8834791D747A}.Release|Any CPU.Build.0 = Release|Any CPU
	EndGlobalSection
	GlobalSection(SolutionProperties) = preSolution
		HideSolutionNode = FALSE
	EndGlobalSection
	GlobalSection(ExtensibilityGlobals) = postSolution
		SolutionGuid = {B3BBE623-3BE2-4D4D-81F6-2EC3BFA46F8D}
	EndGlobalSection
EndGlobal
